
Microsoft Visual Studio Solution File, Format Version 12.00
# Visual Studio 2017
Project("{FAE04EC0-301F-11D3-BF4B-00C04F79EFBC}") = "TakuanBreak", "TakuanBreak.csproj", "{487E7D44-7D3C-75DD-C05E-07174AE842F7}"
EndProject
Global
	GlobalSection(SolutionConfigurationPlatforms) = preSolution
		Debug|Any CPU = Debug|Any CPU
		Release|Any CPU = Release|Any CPU
	EndGlobalSection
	GlobalSection(ProjectConfigurationPlatforms) = postSolution
		{487E7D44-7D3C-75DD-C05E-07174AE842F7}.Debug|Any CPU.ActiveCfg = Debug|Any CPU
		{487E7D44-7D3C-75DD-C05E-07174AE842F7}.Debug|Any CPU.Build.0 = Debug|Any CPU
		{487E7D44-7D3C-75DD-C05E-07174AE842F7}.Release|Any CPU.ActiveCfg = Release|Any CPU
		{487E7D44-7D3C-75DD-C05E-07174AE842F7}.Release|Any CPU.Build.0 = Release|Any CPU
	EndGlobalSection
	GlobalSection(SolutionProperties) = preSolution
		HideSolutionNode = FALSE
	EndGlobalSection
EndGlobal
